
Microsoft Visual Studio Solution File, Format Version 12.00
# Visual Studio 2012
Project("{FAE04EC0-301F-11D3-BF4B-00C04F79EFBC}") = "Sample.Log4Net", "Sample.Log4Net.csproj", "{78041D88-9225-42C8-967B-E105A22912CB}"
EndProject
Global
	GlobalSection(SolutionConfigurationPlatforms) = preSolution
		Debug|Any CPU = Debug|Any CPU
		Release|Any CPU = Release|Any CPU
	EndGlobalSection
	GlobalSection(ProjectConfigurationPlatforms) = postSolution
		{78041D88-9225-42C8-967B-E105A22912CB}.Debug|Any CPU.ActiveCfg = Debug|Any CPU
		{78041D88-9225-42C8-967B-E105A22912CB}.Debug|Any CPU.Build.0 = Debug|Any CPU
		{78041D88-9225-42C8-967B-E105A22912CB}.Release|Any CPU.ActiveCfg = Release|Any CPU
		{78041D88-9225-42C8-967B-E105A22912CB}.Release|Any CPU.Build.0 = Release|Any CPU
	EndGlobalSection
	GlobalSection(SolutionProperties) = preSolution
		HideSolutionNode = FALSE
	EndGlobalSection
EndGlobal
